Microsoft Visual Studio Solution File, Format Version 11.00
# Visual Studio 2008

Project("{5D474189-B861-B32C-F109-ACF3BA4C7903}") = "Proyecto1", "Assembly-UnityScript.unityproj", "{3B748C7B-486F-97F9-6BCA-2ADAD0F2520D}"
EndProject
Global
	GlobalSection(SolutionConfigurationPlatforms) = preSolution
		Debug|Any CPU = Debug|Any CPU
		Release|Any CPU = Release|Any CPU
	EndGlobalSection
	GlobalSection(ProjectConfigurationPlatforms) = postSolution
		{3B748C7B-486F-97F9-6BCA-2ADAD0F2520D}.Debug|Any CPU.ActiveCfg = Debug|Any CPU
		{3B748C7B-486F-97F9-6BCA-2ADAD0F2520D}.Debug|Any CPU.Build.0 = Debug|Any CPU
		{3B748C7B-486F-97F9-6BCA-2ADAD0F2520D}.Release|Any CPU.ActiveCfg = Release|Any CPU
		{3B748C7B-486F-97F9-6BCA-2ADAD0F2520D}.Release|Any CPU.Build.0 = Release|Any CPU
	EndGlobalSection
	GlobalSection(SolutionProperties) = preSolution
		HideSolutionNode = FALSE
	EndGlobalSection
									GlobalSection(MonoDevelopProperties) = preSolution
		StartupItem = Assembly-CSharp.csproj
		Policies = $0
		$0.TextStylePolicy = $1
		$1.inheritsSet = null
		$1.scope = text/x-csharp
		$0.CSharpFormattingPolicy = $2
		$2.inheritsSet = Mono
		$2.inheritsScope = text/x-csharp
		$2.scope = text/x-csharp
		$0.TextStylePolicy = $3
		$3.FileWidth = 120
		$3.TabWidth = 4
		$3.IndentWidth = 4
		$3.EolMarker = Unix
		$3.inheritsSet = Mono
		$3.inheritsScope = text/plain
		$3.scope = text/plain
	EndGlobalSection

EndGlobal
